
Microsoft Visual Studio Solution File, Format Version 11.00
# Visual Studio 2010
Project("{FAE04EC0-301F-11D3-BF4B-00C04F79EFBC}") = "LogViewer", "LogViewer.csproj", "{3214CAA3-5F42-4C3B-8525-436F745402E6}"
EndProject
Global
	GlobalSection(SolutionConfigurationPlatforms) = preSolution
		Debug|Any CPU = Debug|Any CPU
		Release|Any CPU = Release|Any CPU
	EndGlobalSection
	GlobalSection(ProjectConfigurationPlatforms) = postSolution
		{3214CAA3-5F42-4C3B-8525-436F745402E6}.Debug|Any CPU.ActiveCfg = Debug|Any CPU
		{3214CAA3-5F42-4C3B-8525-436F745402E6}.Debug|Any CPU.Build.0 = Debug|Any CPU
		{3214CAA3-5F42-4C3B-8525-436F745402E6}.Release|Any CPU.ActiveCfg = Release|Any CPU
		{3214CAA3-5F42-4C3B-8525-436F745402E6}.Release|Any CPU.Build.0 = Release|Any CPU
	EndGlobalSection
	GlobalSection(SolutionProperties) = preSolution
		HideSolutionNode = FALSE
	EndGlobalSection
	GlobalSection(RationalClearCase) = preSolution
		SourceControlProvider = RationalClearCase
	EndGlobalSection
EndGlobal
